
Microsoft Visual Studio Solution File, Format Version 12.00
# Visual Studio Version 17
VisualStudioVersion = 17.8.34408.163
MinimumVisualStudioVersion = 10.0.40219.1
Project("{FAE04EC0-301F-11D3-BF4B-00C04F79EFBC}") = "operatorOverloading", "operatorOverloading.csproj", "{013DF5CB-0999-413B-AF1D-75B3703B793F}"
EndProject
Global
	GlobalSection(SolutionConfigurationPlatforms) = preSolution
		Debug|Any CPU = Debug|Any CPU
		Release|Any CPU = Release|Any CPU
	EndGlobalSection
	GlobalSection(ProjectConfigurationPlatforms) = postSolution
		{013DF5CB-0999-413B-AF1D-75B3703B793F}.Debug|Any CPU.ActiveCfg = Debug|Any CPU
		{013DF5CB-0999-413B-AF1D-75B3703B793F}.Debug|Any CPU.Build.0 = Debug|Any CPU
		{013DF5CB-0999-413B-AF1D-75B3703B793F}.Release|Any CPU.ActiveCfg = Release|Any CPU
		{013DF5CB-0999-413B-AF1D-75B3703B793F}.Release|Any CPU.Build.0 = Release|Any CPU
	EndGlobalSection
	GlobalSection(SolutionProperties) = preSolution
		HideSolutionNode = FALSE
	EndGlobalSection
	GlobalSection(ExtensibilityGlobals) = postSolution
		SolutionGuid = {48197E2F-B2F5-42B0-A6A1-FE16A0A6A990}
	EndGlobalSection
EndGlobal
